
Microsoft Visual Studio Solution File, Format Version 12.00
# Visual Studio Version 16
VisualStudioVersion = 16.0.31129.286
MinimumVisualStudioVersion = 10.0.40219.1
Project("{9A19103F-16F7-4668-BE54-9A1E7A4F7556}") = "WebAppProyecto", "WebAppProyecto\WebAppProyecto.csproj", "{DDD931CA-D86C-429A-BBC5-975F6EFE73DD}"
EndProject
Global
	GlobalSection(SolutionConfigurationPlatforms) = preSolution
		Debug|Any CPU = Debug|Any CPU
		Release|Any CPU = Release|Any CPU
	EndGlobalSection
	GlobalSection(ProjectConfigurationPlatforms) = postSolution
		{DDD931CA-D86C-429A-BBC5-975F6EFE73DD}.Debug|Any CPU.ActiveCfg = Debug|Any CPU
		{DDD931CA-D86C-429A-BBC5-975F6EFE73DD}.Debug|Any CPU.Build.0 = Debug|Any CPU
		{DDD931CA-D86C-429A-BBC5-975F6EFE73DD}.Release|Any CPU.ActiveCfg = Release|Any CPU
		{DDD931CA-D86C-429A-BBC5-975F6EFE73DD}.Release|Any CPU.Build.0 = Release|Any CPU
	EndGlobalSection
	GlobalSection(SolutionProperties) = preSolution
		HideSolutionNode = FALSE
	EndGlobalSection
	GlobalSection(ExtensibilityGlobals) = postSolution
		SolutionGuid = {0A89A748-5235-46B6-9A8D-A95808726DBA}
	EndGlobalSection
EndGlobal
